
Microsoft Visual Studio Solution File, Format Version 12.00
# Visual Studio Version 17
VisualStudioVersion = 17.5.33516.290
MinimumVisualStudioVersion = 10.0.40219.1
Project("{9A19103F-16F7-4668-BE54-9A1E7A4F7556}") = "ChallongeApi", "ChallongeApi\ChallongeApi.csproj", "{076D17D1-C02A-4CA8-B80E-F74639059DCF}"
EndProject
Project("{FAE04EC0-301F-11D3-BF4B-00C04F79EFBC}") = "ChallongeApiTests", "ChallongeApiTests\ChallongeApiTests.csproj", "{A76A18D1-472A-49C5-B496-4B78EA5242A1}"
EndProject
Global
	GlobalSection(SolutionConfigurationPlatforms) = preSolution
		Debug|Any CPU = Debug|Any CPU
		Release|Any CPU = Release|Any CPU
	EndGlobalSection
	GlobalSection(ProjectConfigurationPlatforms) = postSolution
		{076D17D1-C02A-4CA8-B80E-F74639059DCF}.Debug|Any CPU.ActiveCfg = Debug|Any CPU
		{076D17D1-C02A-4CA8-B80E-F74639059DCF}.Debug|Any CPU.Build.0 = Debug|Any CPU
		{076D17D1-C02A-4CA8-B80E-F74639059DCF}.Release|Any CPU.ActiveCfg = Release|Any CPU
		{076D17D1-C02A-4CA8-B80E-F74639059DCF}.Release|Any CPU.Build.0 = Release|Any CPU
		{A76A18D1-472A-49C5-B496-4B78EA5242A1}.Debug|Any CPU.ActiveCfg = Debug|Any CPU
		{A76A18D1-472A-49C5-B496-4B78EA5242A1}.Debug|Any CPU.Build.0 = Debug|Any CPU
		{A76A18D1-472A-49C5-B496-4B78EA5242A1}.Release|Any CPU.ActiveCfg = Release|Any CPU
		{A76A18D1-472A-49C5-B496-4B78EA5242A1}.Release|Any CPU.Build.0 = Release|Any CPU
	EndGlobalSection
	GlobalSection(SolutionProperties) = preSolution
		HideSolutionNode = FALSE
	EndGlobalSection
	GlobalSection(ExtensibilityGlobals) = postSolution
		SolutionGuid = {91A9B0FB-22E3-4970-8A22-78A56F88FBAC}
	EndGlobalSection
EndGlobal
